
Microsoft Visual Studio Solution File, Format Version 12.00
# Visual Studio Version 17
VisualStudioVersion = 17.11.35222.181
MinimumVisualStudioVersion = 10.0.40219.1
Project("{FAE04EC0-301F-11D3-BF4B-00C04F79EFBC}") = "Ejercicio2_Triangulos", "Ejercicio2_Triangulos\Ejercicio2_Triangulos.csproj", "{0EFF27C2-F1BC-45A6-A285-21655ED84D74}"
EndProject
Global
	GlobalSection(SolutionConfigurationPlatforms) = preSolution
		Debug|Any CPU = Debug|Any CPU
		Release|Any CPU = Release|Any CPU
	EndGlobalSection
	GlobalSection(ProjectConfigurationPlatforms) = postSolution
		{0EFF27C2-F1BC-45A6-A285-21655ED84D74}.Debug|Any CPU.ActiveCfg = Debug|Any CPU
		{0EFF27C2-F1BC-45A6-A285-21655ED84D74}.Debug|Any CPU.Build.0 = Debug|Any CPU
		{0EFF27C2-F1BC-45A6-A285-21655ED84D74}.Release|Any CPU.ActiveCfg = Release|Any CPU
		{0EFF27C2-F1BC-45A6-A285-21655ED84D74}.Release|Any CPU.Build.0 = Release|Any CPU
	EndGlobalSection
	GlobalSection(SolutionProperties) = preSolution
		HideSolutionNode = FALSE
	EndGlobalSection
	GlobalSection(ExtensibilityGlobals) = postSolution
		SolutionGuid = {A6775491-D045-4421-B348-593E75110618}
	EndGlobalSection
EndGlobal
