
Microsoft Visual Studio Solution File, Format Version 12.00
# Visual Studio Version 17
VisualStudioVersion = 17.11.35303.130
MinimumVisualStudioVersion = 10.0.40219.1
Project("{FAE04EC0-301F-11D3-BF4B-00C04F79EFBC}") = "Ejercicio22_IMC", "Ejercicio22_IMC\Ejercicio22_IMC.csproj", "{EF810F64-3F18-4DA2-B728-79702781F294}"
EndProject
Global
	GlobalSection(SolutionConfigurationPlatforms) = preSolution
		Debug|Any CPU = Debug|Any CPU
		Release|Any CPU = Release|Any CPU
	EndGlobalSection
	GlobalSection(ProjectConfigurationPlatforms) = postSolution
		{EF810F64-3F18-4DA2-B728-79702781F294}.Debug|Any CPU.ActiveCfg = Debug|Any CPU
		{EF810F64-3F18-4DA2-B728-79702781F294}.Debug|Any CPU.Build.0 = Debug|Any CPU
		{EF810F64-3F18-4DA2-B728-79702781F294}.Release|Any CPU.ActiveCfg = Release|Any CPU
		{EF810F64-3F18-4DA2-B728-79702781F294}.Release|Any CPU.Build.0 = Release|Any CPU
	EndGlobalSection
	GlobalSection(SolutionProperties) = preSolution
		HideSolutionNode = FALSE
	EndGlobalSection
	GlobalSection(ExtensibilityGlobals) = postSolution
		SolutionGuid = {0518351D-E9A4-4F6B-AB99-B098AFCD6661}
	EndGlobalSection
EndGlobal
