
Microsoft Visual Studio Solution File, Format Version 12.00
# Visual Studio Version 17
VisualStudioVersion = 17.11.35222.181
MinimumVisualStudioVersion = 10.0.40219.1
Project("{FAE04EC0-301F-11D3-BF4B-00C04F79EFBC}") = "Ejercicio2_Triangulos", "Ejercicio2_Triangulos\Ejercicio2_Triangulos.csproj", "{866E3E3A-BE1B-46AF-A817-471398B35AA9}"
EndProject
Global
	GlobalSection(SolutionConfigurationPlatforms) = preSolution
		Debug|Any CPU = Debug|Any CPU
		Release|Any CPU = Release|Any CPU
	EndGlobalSection
	GlobalSection(ProjectConfigurationPlatforms) = postSolution
		{866E3E3A-BE1B-46AF-A817-471398B35AA9}.Debug|Any CPU.ActiveCfg = Debug|Any CPU
		{866E3E3A-BE1B-46AF-A817-471398B35AA9}.Debug|Any CPU.Build.0 = Debug|Any CPU
		{866E3E3A-BE1B-46AF-A817-471398B35AA9}.Release|Any CPU.ActiveCfg = Release|Any CPU
		{866E3E3A-BE1B-46AF-A817-471398B35AA9}.Release|Any CPU.Build.0 = Release|Any CPU
	EndGlobalSection
	GlobalSection(SolutionProperties) = preSolution
		HideSolutionNode = FALSE
	EndGlobalSection
	GlobalSection(ExtensibilityGlobals) = postSolution
		SolutionGuid = {45CF40F9-BD03-4CD2-A766-DB97E51A73FC}
	EndGlobalSection
EndGlobal
