
Microsoft Visual Studio Solution File, Format Version 12.00
# Visual Studio Version 17
VisualStudioVersion = 17.11.35222.181
MinimumVisualStudioVersion = 10.0.40219.1
Project("{FAE04EC0-301F-11D3-BF4B-00C04F79EFBC}") = "Ejercicio1_Coordenadas", "Ejercicio1_Coordenadas\Ejercicio1_Coordenadas.csproj", "{08F97E28-350A-4F81-999C-89CB1C25187A}"
EndProject
Global
	GlobalSection(SolutionConfigurationPlatforms) = preSolution
		Debug|Any CPU = Debug|Any CPU
		Release|Any CPU = Release|Any CPU
	EndGlobalSection
	GlobalSection(ProjectConfigurationPlatforms) = postSolution
		{08F97E28-350A-4F81-999C-89CB1C25187A}.Debug|Any CPU.ActiveCfg = Debug|Any CPU
		{08F97E28-350A-4F81-999C-89CB1C25187A}.Debug|Any CPU.Build.0 = Debug|Any CPU
		{08F97E28-350A-4F81-999C-89CB1C25187A}.Release|Any CPU.ActiveCfg = Release|Any CPU
		{08F97E28-350A-4F81-999C-89CB1C25187A}.Release|Any CPU.Build.0 = Release|Any CPU
	EndGlobalSection
	GlobalSection(SolutionProperties) = preSolution
		HideSolutionNode = FALSE
	EndGlobalSection
	GlobalSection(ExtensibilityGlobals) = postSolution
		SolutionGuid = {74C0D775-7F54-4AB3-B2F8-A5EE42C0710A}
	EndGlobalSection
EndGlobal
