
Microsoft Visual Studio Solution File, Format Version 12.00
# Visual Studio Version 17
VisualStudioVersion = 17.11.35303.130
MinimumVisualStudioVersion = 10.0.40219.1
Project("{FAE04EC0-301F-11D3-BF4B-00C04F79EFBC}") = "Parcial2_punto#2", "Parcial2_punto#2\Parcial2_punto#2.csproj", "{01713BCD-D2BB-4D79-BCFB-B65C8CFD42B2}"
EndProject
Global
	GlobalSection(SolutionConfigurationPlatforms) = preSolution
		Debug|Any CPU = Debug|Any CPU
		Release|Any CPU = Release|Any CPU
	EndGlobalSection
	GlobalSection(ProjectConfigurationPlatforms) = postSolution
		{01713BCD-D2BB-4D79-BCFB-B65C8CFD42B2}.Debug|Any CPU.ActiveCfg = Debug|Any CPU
		{01713BCD-D2BB-4D79-BCFB-B65C8CFD42B2}.Debug|Any CPU.Build.0 = Debug|Any CPU
		{01713BCD-D2BB-4D79-BCFB-B65C8CFD42B2}.Release|Any CPU.ActiveCfg = Release|Any CPU
		{01713BCD-D2BB-4D79-BCFB-B65C8CFD42B2}.Release|Any CPU.Build.0 = Release|Any CPU
	EndGlobalSection
	GlobalSection(SolutionProperties) = preSolution
		HideSolutionNode = FALSE
	EndGlobalSection
	GlobalSection(ExtensibilityGlobals) = postSolution
		SolutionGuid = {2DB7C180-72C2-4305-B198-993C49505DDF}
	EndGlobalSection
EndGlobal
