
Microsoft Visual Studio Solution File, Format Version 12.00
# Visual Studio Version 17
VisualStudioVersion = 17.11.35303.130
MinimumVisualStudioVersion = 10.0.40219.1
Project("{FAE04EC0-301F-11D3-BF4B-00C04F79EFBC}") = "Ejercicio37_PrimerProgramaPOO", "Ejercicio37_PrimerProgramaPOO\Ejercicio37_PrimerProgramaPOO.csproj", "{8632B290-29CD-4377-9947-87E80CFE3FED}"
EndProject
Global
	GlobalSection(SolutionConfigurationPlatforms) = preSolution
		Debug|Any CPU = Debug|Any CPU
		Release|Any CPU = Release|Any CPU
	EndGlobalSection
	GlobalSection(ProjectConfigurationPlatforms) = postSolution
		{8632B290-29CD-4377-9947-87E80CFE3FED}.Debug|Any CPU.ActiveCfg = Debug|Any CPU
		{8632B290-29CD-4377-9947-87E80CFE3FED}.Debug|Any CPU.Build.0 = Debug|Any CPU
		{8632B290-29CD-4377-9947-87E80CFE3FED}.Release|Any CPU.ActiveCfg = Release|Any CPU
		{8632B290-29CD-4377-9947-87E80CFE3FED}.Release|Any CPU.Build.0 = Release|Any CPU
	EndGlobalSection
	GlobalSection(SolutionProperties) = preSolution
		HideSolutionNode = FALSE
	EndGlobalSection
	GlobalSection(ExtensibilityGlobals) = postSolution
		SolutionGuid = {71243075-5D79-4220-A278-B69B3C271F53}
	EndGlobalSection
EndGlobal
